
Microsoft Visual Studio Solution File, Format Version 12.00
# Visual Studio Version 17
VisualStudioVersion = 17.4.33110.190
MinimumVisualStudioVersion = 10.0.40219.1
Project("{6EC3EE1D-3C4E-46DD-8F32-0CC8E7565705}") = "AocDayOne", "AocDayOne\AocDayOne.fsproj", "{B17550D4-C3DF-45CA-8AE0-B6315446F7AF}"
EndProject
Project("{6EC3EE1D-3C4E-46DD-8F32-0CC8E7565705}") = "AdventOfCodeHelpers", "AdventOfCodeHelpers\AdventOfCodeHelpers.fsproj", "{6F86F47A-E302-4C9B-8C85-62B6FE6E1089}"
EndProject
Project("{6EC3EE1D-3C4E-46DD-8F32-0CC8E7565705}") = "AocDayTwo", "AocDayTwo\AocDayTwo.fsproj", "{58905ACC-F2C9-4681-9A14-D51F31C82E1F}"
EndProject
Project("{F2A71F9B-5D33-465A-A702-920D77279786}") = "AocDayThree", "AocDayThree\AocDayThree.fsproj", "{FCDE5A59-BE41-4934-996B-BD5D63E1F3A5}"
EndProject
Project("{F2A71F9B-5D33-465A-A702-920D77279786}") = "AocDayFour", "AocDayFour\AocDayFour.fsproj", "{72EC47E5-D2C8-4779-AE54-D235ADED539B}"
EndProject
Project("{F2A71F9B-5D33-465A-A702-920D77279786}") = "Playground", "Playground\Playground.fsproj", "{B623DBC6-053C-4CF7-8EAA-B26436CA5D80}"
EndProject
Project("{F2A71F9B-5D33-465A-A702-920D77279786}") = "AocDaySix", "AocDaySix\AocDaySix.fsproj", "{6C7F84A6-CB44-4B31-A96A-11AC7B9913DF}"
EndProject
Global
	GlobalSection(SolutionConfigurationPlatforms) = preSolution
		Debug|Any CPU = Debug|Any CPU
		Release|Any CPU = Release|Any CPU
	EndGlobalSection
	GlobalSection(ProjectConfigurationPlatforms) = postSolution
		{B17550D4-C3DF-45CA-8AE0-B6315446F7AF}.Debug|Any CPU.ActiveCfg = Debug|Any CPU
		{B17550D4-C3DF-45CA-8AE0-B6315446F7AF}.Debug|Any CPU.Build.0 = Debug|Any CPU
		{B17550D4-C3DF-45CA-8AE0-B6315446F7AF}.Release|Any CPU.ActiveCfg = Release|Any CPU
		{B17550D4-C3DF-45CA-8AE0-B6315446F7AF}.Release|Any CPU.Build.0 = Release|Any CPU
		{6F86F47A-E302-4C9B-8C85-62B6FE6E1089}.Debug|Any CPU.ActiveCfg = Debug|Any CPU
		{6F86F47A-E302-4C9B-8C85-62B6FE6E1089}.Debug|Any CPU.Build.0 = Debug|Any CPU
		{6F86F47A-E302-4C9B-8C85-62B6FE6E1089}.Release|Any CPU.ActiveCfg = Release|Any CPU
		{6F86F47A-E302-4C9B-8C85-62B6FE6E1089}.Release|Any CPU.Build.0 = Release|Any CPU
		{58905ACC-F2C9-4681-9A14-D51F31C82E1F}.Debug|Any CPU.ActiveCfg = Debug|Any CPU
		{58905ACC-F2C9-4681-9A14-D51F31C82E1F}.Debug|Any CPU.Build.0 = Debug|Any CPU
		{58905ACC-F2C9-4681-9A14-D51F31C82E1F}.Release|Any CPU.ActiveCfg = Release|Any CPU
		{58905ACC-F2C9-4681-9A14-D51F31C82E1F}.Release|Any CPU.Build.0 = Release|Any CPU
		{FCDE5A59-BE41-4934-996B-BD5D63E1F3A5}.Debug|Any CPU.ActiveCfg = Debug|Any CPU
		{FCDE5A59-BE41-4934-996B-BD5D63E1F3A5}.Debug|Any CPU.Build.0 = Debug|Any CPU
		{FCDE5A59-BE41-4934-996B-BD5D63E1F3A5}.Release|Any CPU.ActiveCfg = Release|Any CPU
		{FCDE5A59-BE41-4934-996B-BD5D63E1F3A5}.Release|Any CPU.Build.0 = Release|Any CPU
		{72EC47E5-D2C8-4779-AE54-D235ADED539B}.Debug|Any CPU.ActiveCfg = Debug|Any CPU
		{72EC47E5-D2C8-4779-AE54-D235ADED539B}.Debug|Any CPU.Build.0 = Debug|Any CPU
		{72EC47E5-D2C8-4779-AE54-D235ADED539B}.Release|Any CPU.ActiveCfg = Release|Any CPU
		{72EC47E5-D2C8-4779-AE54-D235ADED539B}.Release|Any CPU.Build.0 = Release|Any CPU
		{B623DBC6-053C-4CF7-8EAA-B26436CA5D80}.Debug|Any CPU.ActiveCfg = Debug|Any CPU
		{B623DBC6-053C-4CF7-8EAA-B26436CA5D80}.Debug|Any CPU.Build.0 = Debug|Any CPU
		{B623DBC6-053C-4CF7-8EAA-B26436CA5D80}.Release|Any CPU.ActiveCfg = Release|Any CPU
		{B623DBC6-053C-4CF7-8EAA-B26436CA5D80}.Release|Any CPU.Build.0 = Release|Any CPU
		{6C7F84A6-CB44-4B31-A96A-11AC7B9913DF}.Debug|Any CPU.ActiveCfg = Debug|Any CPU
		{6C7F84A6-CB44-4B31-A96A-11AC7B9913DF}.Debug|Any CPU.Build.0 = Debug|Any CPU
		{6C7F84A6-CB44-4B31-A96A-11AC7B9913DF}.Release|Any CPU.ActiveCfg = Release|Any CPU
		{6C7F84A6-CB44-4B31-A96A-11AC7B9913DF}.Release|Any CPU.Build.0 = Release|Any CPU
	EndGlobalSection
	GlobalSection(SolutionProperties) = preSolution
		HideSolutionNode = FALSE
	EndGlobalSection
	GlobalSection(ExtensibilityGlobals) = postSolution
		SolutionGuid = {ABC0B1FD-F326-478D-8D81-2D2AD861C538}
	EndGlobalSection
EndGlobal
